
Microsoft Visual Studio Solution File, Format Version 12.00
# Visual Studio Version 16
VisualStudioVersion = 16.0.31205.134
MinimumVisualStudioVersion = 10.0.40219.1
Project("{FAE04EC0-301F-11D3-BF4B-00C04F79EFBC}") = "Calculator_Proj_Manalo", "Calculator_Proj_Manalo.csproj", "{9361E507-D6BD-4119-B2FA-064C29A3A754}"
EndProject
Global
	GlobalSection(SolutionConfigurationPlatforms) = preSolution
		Debug|Any CPU = Debug|Any CPU
		Release|Any CPU = Release|Any CPU
	EndGlobalSection
	GlobalSection(ProjectConfigurationPlatforms) = postSolution
		{9361E507-D6BD-4119-B2FA-064C29A3A754}.Debug|Any CPU.ActiveCfg = Debug|Any CPU
		{9361E507-D6BD-4119-B2FA-064C29A3A754}.Debug|Any CPU.Build.0 = Debug|Any CPU
		{9361E507-D6BD-4119-B2FA-064C29A3A754}.Release|Any CPU.ActiveCfg = Release|Any CPU
		{9361E507-D6BD-4119-B2FA-064C29A3A754}.Release|Any CPU.Build.0 = Release|Any CPU
	EndGlobalSection
	GlobalSection(SolutionProperties) = preSolution
		HideSolutionNode = FALSE
	EndGlobalSection
	GlobalSection(ExtensibilityGlobals) = postSolution
		SolutionGuid = {736383D5-9599-4858-9CBA-BD9AE11818CA}
	EndGlobalSection
EndGlobal
